schema: '2.0'
stages:
  prepare:
    cmd: python scripts/create_features_w_params.py
    deps:
    - path: Data/adult.data
      hash: md5
      md5: 5d7c39d7b8804f071cdd1f2a7c460872
      size: 3974305
    - path: Data/adult.test
      hash: md5
      md5: 366c746021dc50ad9d933d2817612fc9
      size: 2003132
    - path: scripts/create_features_w_params.py
      hash: md5
      md5: 24d45a3e71f618bf11e2aff213a8674c
      size: 3469
    params:
      params.yaml:
        features.chi2percentile: 50
        features.test_path: Data/adult.test
        features.train_path: Data/adult.data
    outs:
    - path: Data/pipeline.pkl
      hash: md5
      md5: 2ff2f4415c961f1b4220d6b141e5f6f1
      size: 6072
    - path: Data/processed_test_data.csv
      hash: md5
      md5: a59c8daac38fe1ca84dda2b458ee762a
      size: 5409602
    - path: Data/processed_train_data.csv
      hash: md5
      md5: adf63b6ce20f7ee74f63d5dabb325226
      size: 10829967
